
Microsoft Visual Studio Solution File, Format Version 12.00
# Visual Studio Version 17
VisualStudioVersion = 17.4.33213.308
MinimumVisualStudioVersion = 10.0.40219.1
Project("{9A19103F-16F7-4668-BE54-9A1E7A4F7556}") = "M1S3-SistemaBanco", "M1S3-SistemaBanco.csproj", "{0251CA22-B36D-4661-A623-D48897D5B761}"
EndProject
Global
	GlobalSection(SolutionConfigurationPlatforms) = preSolution
		Debug|Any CPU = Debug|Any CPU
		Release|Any CPU = Release|Any CPU
	EndGlobalSection
	GlobalSection(ProjectConfigurationPlatforms) = postSolution
		{0251CA22-B36D-4661-A623-D48897D5B761}.Debug|Any CPU.ActiveCfg = Debug|Any CPU
		{0251CA22-B36D-4661-A623-D48897D5B761}.Debug|Any CPU.Build.0 = Debug|Any CPU
		{0251CA22-B36D-4661-A623-D48897D5B761}.Release|Any CPU.ActiveCfg = Release|Any CPU
		{0251CA22-B36D-4661-A623-D48897D5B761}.Release|Any CPU.Build.0 = Release|Any CPU
	EndGlobalSection
	GlobalSection(SolutionProperties) = preSolution
		HideSolutionNode = FALSE
	EndGlobalSection
	GlobalSection(ExtensibilityGlobals) = postSolution
		SolutionGuid = {FB986B3D-7772-4E04-BA55-3E34589646DD}
	EndGlobalSection
EndGlobal
